
Microsoft Visual Studio Solution File, Format Version 12.00
# Visual Studio Version 16
VisualStudioVersion = 16.0.32802.440
MinimumVisualStudioVersion = 10.0.40219.1
Project("{FAE04EC0-301F-11D3-BF4B-00C04F79EFBC}") = "Shopping.Client", "Shopping.Client\Shopping.Client.csproj", "{F56E07FA-E76E-474B-BB88-77BFA55B7532}"
EndProject
Global
	GlobalSection(SolutionConfigurationPlatforms) = preSolution
		Debug|Any CPU = Debug|Any CPU
		Release|Any CPU = Release|Any CPU
	EndGlobalSection
	GlobalSection(ProjectConfigurationPlatforms) = postSolution
		{F56E07FA-E76E-474B-BB88-77BFA55B7532}.Debug|Any CPU.ActiveCfg = Release|Any CPU
		{F56E07FA-E76E-474B-BB88-77BFA55B7532}.Debug|Any CPU.Build.0 = Release|Any CPU
		{F56E07FA-E76E-474B-BB88-77BFA55B7532}.Release|Any CPU.ActiveCfg = Debug|Any CPU
		{F56E07FA-E76E-474B-BB88-77BFA55B7532}.Release|Any CPU.Build.0 = Debug|Any CPU
	EndGlobalSection
	GlobalSection(SolutionProperties) = preSolution
		HideSolutionNode = FALSE
	EndGlobalSection
	GlobalSection(ExtensibilityGlobals) = postSolution
		SolutionGuid = {005280A2-A9B4-41A4-81BD-277E915AA1E3}
	EndGlobalSection
EndGlobal
